
Microsoft Visual Studio Solution File, Format Version 12.00
# Visual Studio 2013
VisualStudioVersion = 12.0.30723.0
MinimumVisualStudioVersion = 10.0.40219.1
Project("{FAE04EC0-301F-11D3-BF4B-00C04F79EFBC}") = "ODataSpike", "ODataSpike\ODataSpike.csproj", "{8E970F27-59D2-4773-A1F9-3C47ABDE37D4}"
EndProject
Global
	GlobalSection(SolutionConfigurationPlatforms) = preSolution
		Debug|Any CPU = Debug|Any CPU
		Release|Any CPU = Release|Any CPU
	EndGlobalSection
	GlobalSection(ProjectConfigurationPlatforms) = postSolution
		{8E970F27-59D2-4773-A1F9-3C47ABDE37D4}.Debug|Any CPU.ActiveCfg = Debug|Any CPU
		{8E970F27-59D2-4773-A1F9-3C47ABDE37D4}.Debug|Any CPU.Build.0 = Debug|Any CPU
		{8E970F27-59D2-4773-A1F9-3C47ABDE37D4}.Release|Any CPU.ActiveCfg = Release|Any CPU
		{8E970F27-59D2-4773-A1F9-3C47ABDE37D4}.Release|Any CPU.Build.0 = Release|Any CPU
	EndGlobalSection
	GlobalSection(SolutionProperties) = preSolution
		HideSolutionNode = FALSE
	EndGlobalSection
EndGlobal
